
Microsoft Visual Studio Solution File, Format Version 12.00
# Visual Studio Version 17
VisualStudioVersion = 17.0.32014.148
MinimumVisualStudioVersion = 10.0.40219.1
Project("{FAE04EC0-301F-11D3-BF4B-00C04F79EFBC}") = "Orcamento", "Orcamento\Orcamento.csproj", "{58D7D403-399F-4995-AA55-15BE283D43EB}"
EndProject
Global
	GlobalSection(SolutionConfigurationPlatforms) = preSolution
		Debug|Any CPU = Debug|Any CPU
		Release|Any CPU = Release|Any CPU
	EndGlobalSection
	GlobalSection(ProjectConfigurationPlatforms) = postSolution
		{58D7D403-399F-4995-AA55-15BE283D43EB}.Debug|Any CPU.ActiveCfg = Debug|Any CPU
		{58D7D403-399F-4995-AA55-15BE283D43EB}.Debug|Any CPU.Build.0 = Debug|Any CPU
		{58D7D403-399F-4995-AA55-15BE283D43EB}.Release|Any CPU.ActiveCfg = Release|Any CPU
		{58D7D403-399F-4995-AA55-15BE283D43EB}.Release|Any CPU.Build.0 = Release|Any CPU
	EndGlobalSection
	GlobalSection(SolutionProperties) = preSolution
		HideSolutionNode = FALSE
	EndGlobalSection
	GlobalSection(ExtensibilityGlobals) = postSolution
		SolutionGuid = {B9526415-7F6D-4DDC-BAC5-EFFFC1E3BE42}
	EndGlobalSection
EndGlobal
